
Microsoft Visual Studio Solution File, Format Version 12.00
# Visual Studio Version 16
VisualStudioVersion = 16.0.29009.5
MinimumVisualStudioVersion = 10.0.40219.1
Project("{FAE04EC0-301F-11D3-BF4B-00C04F79EFBC}") = "EnvioEmail", "EnvioEmail\EnvioEmail.csproj", "{62751DF1-EC81-4AAD-92DF-536F3CAC3B32}"
EndProject
Global
	GlobalSection(SolutionConfigurationPlatforms) = preSolution
		Debug|Any CPU = Debug|Any CPU
		Release|Any CPU = Release|Any CPU
	EndGlobalSection
	GlobalSection(ProjectConfigurationPlatforms) = postSolution
		{62751DF1-EC81-4AAD-92DF-536F3CAC3B32}.Debug|Any CPU.ActiveCfg = Debug|Any CPU
		{62751DF1-EC81-4AAD-92DF-536F3CAC3B32}.Debug|Any CPU.Build.0 = Debug|Any CPU
		{62751DF1-EC81-4AAD-92DF-536F3CAC3B32}.Release|Any CPU.ActiveCfg = Release|Any CPU
		{62751DF1-EC81-4AAD-92DF-536F3CAC3B32}.Release|Any CPU.Build.0 = Release|Any CPU
	EndGlobalSection
	GlobalSection(SolutionProperties) = preSolution
		HideSolutionNode = FALSE
	EndGlobalSection
	GlobalSection(ExtensibilityGlobals) = postSolution
		SolutionGuid = {0C05B9DD-1C18-48D3-8EF9-A1982916F33A}
	EndGlobalSection
EndGlobal
